
Microsoft Visual Studio Solution File, Format Version 12.00
# Visual Studio Version 17
VisualStudioVersion = 17.0.31903.59
MinimumVisualStudioVersion = 10.0.40219.1
Project("{2150E333-8FDC-42A3-9474-1A3956D46DE8}") = "src", "src", "{827E0CD3-B72D-47B6-A68D-7590B98EB39B}"
EndProject
Project("{FAE04EC0-301F-11D3-BF4B-00C04F79EFBC}") = "AuctionService", "src\AuctionService\AuctionService.csproj", "{217DA33F-4965-47CB-A8F0-92711ADDC705}"
EndProject
Project("{FAE04EC0-301F-11D3-BF4B-00C04F79EFBC}") = "SearchService", "src\SearchService\SearchService.csproj", "{6F192357-421E-4D06-830B-901F6CF41DA3}"
EndProject
Project("{FAE04EC0-301F-11D3-BF4B-00C04F79EFBC}") = "Contracts", "src\Contracts\Contracts.csproj", "{DF95A738-3409-4ADB-AE2B-4C2B4999727F}"
EndProject
Project("{FAE04EC0-301F-11D3-BF4B-00C04F79EFBC}") = "IdentityService", "src\IdentityService\IdentityService.csproj", "{EC9C978E-8F4D-42C7-914B-FAB4FB2E85F3}"
EndProject
Project("{FAE04EC0-301F-11D3-BF4B-00C04F79EFBC}") = "GatewayService", "src\GatewayService\GatewayService.csproj", "{841D744D-588B-47B0-BFD6-7D7430E96D02}"
EndProject
Project("{2150E333-8FDC-42A3-9474-1A3956D46DE8}") = "tests", "tests", "{0AB3BF05-4346-4AA6-1389-037BE0695223}"
EndProject
Project("{FAE04EC0-301F-11D3-BF4B-00C04F79EFBC}") = "AuctionService.UnitTests", "tests\AuctionService.UnitTests\AuctionService.UnitTests.csproj", "{8DEA8DAE-0FD8-431C-B94B-157837BF3914}"
EndProject
Project("{FAE04EC0-301F-11D3-BF4B-00C04F79EFBC}") = "AuctionService.IntegrationTests", "tests\AuctionService.IntegrationTests\AuctionService.IntegrationTests.csproj", "{F40AE6C0-D8AF-4A18-B775-2E0DB579D43B}"
EndProject
Project("{FAE04EC0-301F-11D3-BF4B-00C04F79EFBC}") = "BiddingService", "src\BiddingService\BiddingService.csproj", "{C5108B87-146B-42D9-8255-E6E59BFAF2CC}"
EndProject
Global
	GlobalSection(SolutionConfigurationPlatforms) = preSolution
		Debug|Any CPU = Debug|Any CPU
		Debug|x64 = Debug|x64
		Debug|x86 = Debug|x86
		Release|Any CPU = Release|Any CPU
		Release|x64 = Release|x64
		Release|x86 = Release|x86
	EndGlobalSection
	GlobalSection(ProjectConfigurationPlatforms) = postSolution
		{217DA33F-4965-47CB-A8F0-92711ADDC705}.Debug|Any CPU.ActiveCfg = Debug|Any CPU
		{217DA33F-4965-47CB-A8F0-92711ADDC705}.Debug|Any CPU.Build.0 = Debug|Any CPU
		{217DA33F-4965-47CB-A8F0-92711ADDC705}.Debug|x64.ActiveCfg = Debug|Any CPU
		{217DA33F-4965-47CB-A8F0-92711ADDC705}.Debug|x64.Build.0 = Debug|Any CPU
		{217DA33F-4965-47CB-A8F0-92711ADDC705}.Debug|x86.ActiveCfg = Debug|Any CPU
		{217DA33F-4965-47CB-A8F0-92711ADDC705}.Debug|x86.Build.0 = Debug|Any CPU
		{217DA33F-4965-47CB-A8F0-92711ADDC705}.Release|Any CPU.ActiveCfg = Release|Any CPU
		{217DA33F-4965-47CB-A8F0-92711ADDC705}.Release|Any CPU.Build.0 = Release|Any CPU
		{217DA33F-4965-47CB-A8F0-92711ADDC705}.Release|x64.ActiveCfg = Release|Any CPU
		{217DA33F-4965-47CB-A8F0-92711ADDC705}.Release|x64.Build.0 = Release|Any CPU
		{217DA33F-4965-47CB-A8F0-92711ADDC705}.Release|x86.ActiveCfg = Release|Any CPU
		{217DA33F-4965-47CB-A8F0-92711ADDC705}.Release|x86.Build.0 = Release|Any CPU
		{6F192357-421E-4D06-830B-901F6CF41DA3}.Debug|Any CPU.ActiveCfg = Debug|Any CPU
		{6F192357-421E-4D06-830B-901F6CF41DA3}.Debug|Any CPU.Build.0 = Debug|Any CPU
		{6F192357-421E-4D06-830B-901F6CF41DA3}.Debug|x64.ActiveCfg = Debug|Any CPU
		{6F192357-421E-4D06-830B-901F6CF41DA3}.Debug|x64.Build.0 = Debug|Any CPU
		{6F192357-421E-4D06-830B-901F6CF41DA3}.Debug|x86.ActiveCfg = Debug|Any CPU
		{6F192357-421E-4D06-830B-901F6CF41DA3}.Debug|x86.Build.0 = Debug|Any CPU
		{6F192357-421E-4D06-830B-901F6CF41DA3}.Release|Any CPU.ActiveCfg = Release|Any CPU
		{6F192357-421E-4D06-830B-901F6CF41DA3}.Release|Any CPU.Build.0 = Release|Any CPU
		{6F192357-421E-4D06-830B-901F6CF41DA3}.Release|x64.ActiveCfg = Release|Any CPU
		{6F192357-421E-4D06-830B-901F6CF41DA3}.Release|x64.Build.0 = Release|Any CPU
		{6F192357-421E-4D06-830B-901F6CF41DA3}.Release|x86.ActiveCfg = Release|Any CPU
		{6F192357-421E-4D06-830B-901F6CF41DA3}.Release|x86.Build.0 = Release|Any CPU
		{DF95A738-3409-4ADB-AE2B-4C2B4999727F}.Debug|Any CPU.ActiveCfg = Debug|Any CPU
		{DF95A738-3409-4ADB-AE2B-4C2B4999727F}.Debug|Any CPU.Build.0 = Debug|Any CPU
		{DF95A738-3409-4ADB-AE2B-4C2B4999727F}.Debug|x64.ActiveCfg = Debug|Any CPU
		{DF95A738-3409-4ADB-AE2B-4C2B4999727F}.Debug|x64.Build.0 = Debug|Any CPU
		{DF95A738-3409-4ADB-AE2B-4C2B4999727F}.Debug|x86.ActiveCfg = Debug|Any CPU
		{DF95A738-3409-4ADB-AE2B-4C2B4999727F}.Debug|x86.Build.0 = Debug|Any CPU
		{DF95A738-3409-4ADB-AE2B-4C2B4999727F}.Release|Any CPU.ActiveCfg = Release|Any CPU
		{DF95A738-3409-4ADB-AE2B-4C2B4999727F}.Release|Any CPU.Build.0 = Release|Any CPU
		{DF95A738-3409-4ADB-AE2B-4C2B4999727F}.Release|x64.ActiveCfg = Release|Any CPU
		{DF95A738-3409-4ADB-AE2B-4C2B4999727F}.Release|x64.Build.0 = Release|Any CPU
		{DF95A738-3409-4ADB-AE2B-4C2B4999727F}.Release|x86.ActiveCfg = Release|Any CPU
		{DF95A738-3409-4ADB-AE2B-4C2B4999727F}.Release|x86.Build.0 = Release|Any CPU
		{EC9C978E-8F4D-42C7-914B-FAB4FB2E85F3}.Debug|Any CPU.ActiveCfg = Debug|Any CPU
		{EC9C978E-8F4D-42C7-914B-FAB4FB2E85F3}.Debug|Any CPU.Build.0 = Debug|Any CPU
		{EC9C978E-8F4D-42C7-914B-FAB4FB2E85F3}.Debug|x64.ActiveCfg = Debug|Any CPU
		{EC9C978E-8F4D-42C7-914B-FAB4FB2E85F3}.Debug|x64.Build.0 = Debug|Any CPU
		{EC9C978E-8F4D-42C7-914B-FAB4FB2E85F3}.Debug|x86.ActiveCfg = Debug|Any CPU
		{EC9C978E-8F4D-42C7-914B-FAB4FB2E85F3}.Debug|x86.Build.0 = Debug|Any CPU
		{EC9C978E-8F4D-42C7-914B-FAB4FB2E85F3}.Release|Any CPU.ActiveCfg = Release|Any CPU
		{EC9C978E-8F4D-42C7-914B-FAB4FB2E85F3}.Release|Any CPU.Build.0 = Release|Any CPU
		{EC9C978E-8F4D-42C7-914B-FAB4FB2E85F3}.Release|x64.ActiveCfg = Release|Any CPU
		{EC9C978E-8F4D-42C7-914B-FAB4FB2E85F3}.Release|x64.Build.0 = Release|Any CPU
		{EC9C978E-8F4D-42C7-914B-FAB4FB2E85F3}.Release|x86.ActiveCfg = Release|Any CPU
		{EC9C978E-8F4D-42C7-914B-FAB4FB2E85F3}.Release|x86.Build.0 = Release|Any CPU
		{841D744D-588B-47B0-BFD6-7D7430E96D02}.Debug|Any CPU.ActiveCfg = Debug|Any CPU
		{841D744D-588B-47B0-BFD6-7D7430E96D02}.Debug|Any CPU.Build.0 = Debug|Any CPU
		{841D744D-588B-47B0-BFD6-7D7430E96D02}.Debug|x64.ActiveCfg = Debug|Any CPU
		{841D744D-588B-47B0-BFD6-7D7430E96D02}.Debug|x64.Build.0 = Debug|Any CPU
		{841D744D-588B-47B0-BFD6-7D7430E96D02}.Debug|x86.ActiveCfg = Debug|Any CPU
		{841D744D-588B-47B0-BFD6-7D7430E96D02}.Debug|x86.Build.0 = Debug|Any CPU
		{841D744D-588B-47B0-BFD6-7D7430E96D02}.Release|Any CPU.ActiveCfg = Release|Any CPU
		{841D744D-588B-47B0-BFD6-7D7430E96D02}.Release|Any CPU.Build.0 = Release|Any CPU
		{841D744D-588B-47B0-BFD6-7D7430E96D02}.Release|x64.ActiveCfg = Release|Any CPU
		{841D744D-588B-47B0-BFD6-7D7430E96D02}.Release|x64.Build.0 = Release|Any CPU
		{841D744D-588B-47B0-BFD6-7D7430E96D02}.Release|x86.ActiveCfg = Release|Any CPU
		{841D744D-588B-47B0-BFD6-7D7430E96D02}.Release|x86.Build.0 = Release|Any CPU
		{8DEA8DAE-0FD8-431C-B94B-157837BF3914}.Debug|Any CPU.ActiveCfg = Debug|Any CPU
		{8DEA8DAE-0FD8-431C-B94B-157837BF3914}.Debug|Any CPU.Build.0 = Debug|Any CPU
		{8DEA8DAE-0FD8-431C-B94B-157837BF3914}.Debug|x64.ActiveCfg = Debug|Any CPU
		{8DEA8DAE-0FD8-431C-B94B-157837BF3914}.Debug|x64.Build.0 = Debug|Any CPU
		{8DEA8DAE-0FD8-431C-B94B-157837BF3914}.Debug|x86.ActiveCfg = Debug|Any CPU
		{8DEA8DAE-0FD8-431C-B94B-157837BF3914}.Debug|x86.Build.0 = Debug|Any CPU
		{8DEA8DAE-0FD8-431C-B94B-157837BF3914}.Release|Any CPU.ActiveCfg = Release|Any CPU
		{8DEA8DAE-0FD8-431C-B94B-157837BF3914}.Release|Any CPU.Build.0 = Release|Any CPU
		{8DEA8DAE-0FD8-431C-B94B-157837BF3914}.Release|x64.ActiveCfg = Release|Any CPU
		{8DEA8DAE-0FD8-431C-B94B-157837BF3914}.Release|x64.Build.0 = Release|Any CPU
		{8DEA8DAE-0FD8-431C-B94B-157837BF3914}.Release|x86.ActiveCfg = Release|Any CPU
		{8DEA8DAE-0FD8-431C-B94B-157837BF3914}.Release|x86.Build.0 = Release|Any CPU
		{F40AE6C0-D8AF-4A18-B775-2E0DB579D43B}.Debug|Any CPU.ActiveCfg = Debug|Any CPU
		{F40AE6C0-D8AF-4A18-B775-2E0DB579D43B}.Debug|Any CPU.Build.0 = Debug|Any CPU
		{F40AE6C0-D8AF-4A18-B775-2E0DB579D43B}.Debug|x64.ActiveCfg = Debug|Any CPU
		{F40AE6C0-D8AF-4A18-B775-2E0DB579D43B}.Debug|x64.Build.0 = Debug|Any CPU
		{F40AE6C0-D8AF-4A18-B775-2E0DB579D43B}.Debug|x86.ActiveCfg = Debug|Any CPU
		{F40AE6C0-D8AF-4A18-B775-2E0DB579D43B}.Debug|x86.Build.0 = Debug|Any CPU
		{F40AE6C0-D8AF-4A18-B775-2E0DB579D43B}.Release|Any CPU.ActiveCfg = Release|Any CPU
		{F40AE6C0-D8AF-4A18-B775-2E0DB579D43B}.Release|Any CPU.Build.0 = Release|Any CPU
		{F40AE6C0-D8AF-4A18-B775-2E0DB579D43B}.Release|x64.ActiveCfg = Release|Any CPU
		{F40AE6C0-D8AF-4A18-B775-2E0DB579D43B}.Release|x64.Build.0 = Release|Any CPU
		{F40AE6C0-D8AF-4A18-B775-2E0DB579D43B}.Release|x86.ActiveCfg = Release|Any CPU
		{F40AE6C0-D8AF-4A18-B775-2E0DB579D43B}.Release|x86.Build.0 = Release|Any CPU
		{C5108B87-146B-42D9-8255-E6E59BFAF2CC}.Debug|Any CPU.ActiveCfg = Debug|Any CPU
		{C5108B87-146B-42D9-8255-E6E59BFAF2CC}.Debug|Any CPU.Build.0 = Debug|Any CPU
		{C5108B87-146B-42D9-8255-E6E59BFAF2CC}.Debug|x64.ActiveCfg = Debug|Any CPU
		{C5108B87-146B-42D9-8255-E6E59BFAF2CC}.Debug|x64.Build.0 = Debug|Any CPU
		{C5108B87-146B-42D9-8255-E6E59BFAF2CC}.Debug|x86.ActiveCfg = Debug|Any CPU
		{C5108B87-146B-42D9-8255-E6E59BFAF2CC}.Debug|x86.Build.0 = Debug|Any CPU
		{C5108B87-146B-42D9-8255-E6E59BFAF2CC}.Release|Any CPU.ActiveCfg = Release|Any CPU
		{C5108B87-146B-42D9-8255-E6E59BFAF2CC}.Release|Any CPU.Build.0 = Release|Any CPU
		{C5108B87-146B-42D9-8255-E6E59BFAF2CC}.Release|x64.ActiveCfg = Release|Any CPU
		{C5108B87-146B-42D9-8255-E6E59BFAF2CC}.Release|x64.Build.0 = Release|Any CPU
		{C5108B87-146B-42D9-8255-E6E59BFAF2CC}.Release|x86.ActiveCfg = Release|Any CPU
		{C5108B87-146B-42D9-8255-E6E59BFAF2CC}.Release|x86.Build.0 = Release|Any CPU
	EndGlobalSection
	GlobalSection(SolutionProperties) = preSolution
		HideSolutionNode = FALSE
	EndGlobalSection
	GlobalSection(NestedProjects) = preSolution
		{217DA33F-4965-47CB-A8F0-92711ADDC705} = {827E0CD3-B72D-47B6-A68D-7590B98EB39B}
		{6F192357-421E-4D06-830B-901F6CF41DA3} = {827E0CD3-B72D-47B6-A68D-7590B98EB39B}
		{DF95A738-3409-4ADB-AE2B-4C2B4999727F} = {827E0CD3-B72D-47B6-A68D-7590B98EB39B}
		{EC9C978E-8F4D-42C7-914B-FAB4FB2E85F3} = {827E0CD3-B72D-47B6-A68D-7590B98EB39B}
		{841D744D-588B-47B0-BFD6-7D7430E96D02} = {827E0CD3-B72D-47B6-A68D-7590B98EB39B}
		{8DEA8DAE-0FD8-431C-B94B-157837BF3914} = {0AB3BF05-4346-4AA6-1389-037BE0695223}
		{F40AE6C0-D8AF-4A18-B775-2E0DB579D43B} = {0AB3BF05-4346-4AA6-1389-037BE0695223}
		{C5108B87-146B-42D9-8255-E6E59BFAF2CC} = {827E0CD3-B72D-47B6-A68D-7590B98EB39B}
	EndGlobalSection
EndGlobal
